
Microsoft Visual Studio Solution File, Format Version 12.00
# Visual Studio Version 17
VisualStudioVersion = 17.3.32804.467
MinimumVisualStudioVersion = 10.0.40219.1
Project("{2150E333-8FDC-42A3-9474-1A3956D46DE8}") = "src", "src", "{10E000EC-B776-411B-93E0-6669C1C22912}"
EndProject
Project("{2150E333-8FDC-42A3-9474-1A3956D46DE8}") = "corePackages", "corePackages", "{6A56547A-CDDB-4BA4-A2AE-C89FC3567698}"
EndProject
Project("{2150E333-8FDC-42A3-9474-1A3956D46DE8}") = "Kodlama.io.Devs", "Kodlama.io.Devs", "{4D8B5CB5-10B0-4D7E-8171-1BD53400C3A8}"
EndProject
Project("{9A19103F-16F7-4668-BE54-9A1E7A4F7556}") = "Application", "src\Kodlama.io.Devs\Application\Application.csproj", "{719870DC-084E-4DE5-9B04-71E3158BD62F}"
EndProject
Project("{9A19103F-16F7-4668-BE54-9A1E7A4F7556}") = "Domain", "src\Kodlama.io.Devs\Domain\Domain.csproj", "{01408960-0C71-4EAD-BCBE-F056266FB3A0}"
EndProject
Project("{9A19103F-16F7-4668-BE54-9A1E7A4F7556}") = "Persistance", "src\Kodlama.io.Devs\Persistance\Persistance.csproj", "{46019D79-0EF5-416A-BE05-CA27D62405FF}"
EndProject
Project("{9A19103F-16F7-4668-BE54-9A1E7A4F7556}") = "Infrastructure", "src\Kodlama.io.Devs\Infrastructure\Infrastructure.csproj", "{CA74080B-1D8C-4600-AB6B-F08C6484E17B}"
EndProject
Project("{9A19103F-16F7-4668-BE54-9A1E7A4F7556}") = "WebAPI", "src\Kodlama.io.Devs\WebAPI\WebAPI.csproj", "{6697C4CB-0D54-4883-8230-8DDE4DDC84CE}"
EndProject
Project("{FAE04EC0-301F-11D3-BF4B-00C04F79EFBC}") = "Core.Application", "src\corePackages\Core.Application\Core.Application.csproj", "{3AFF9464-B8E0-4849-81DD-F1E36918FC36}"
EndProject
Project("{FAE04EC0-301F-11D3-BF4B-00C04F79EFBC}") = "Core.CrossCuttingConcerns", "src\corePackages\Core.CrossCuttingConcerns\Core.CrossCuttingConcerns.csproj", "{7CD86F15-C01A-4FCD-B4E8-728AD1928D10}"
EndProject
Project("{FAE04EC0-301F-11D3-BF4B-00C04F79EFBC}") = "Core.ElasticSearch", "src\corePackages\Core.ElasticSearch\Core.ElasticSearch.csproj", "{B71A8AA9-C034-405F-9928-E1C1983219C0}"
EndProject
Project("{FAE04EC0-301F-11D3-BF4B-00C04F79EFBC}") = "Core.Mailing", "src\corePackages\Core.Mailing\Core.Mailing.csproj", "{65CEFB40-90BA-4A47-98F5-F50DA4718946}"
EndProject
Project("{FAE04EC0-301F-11D3-BF4B-00C04F79EFBC}") = "Core.Persistence", "src\corePackages\Core.Persistence\Core.Persistence.csproj", "{6A280EB9-7172-4639-8D9C-0E6DA91E6555}"
EndProject
Project("{FAE04EC0-301F-11D3-BF4B-00C04F79EFBC}") = "Core.Security", "src\corePackages\Core.Security\Core.Security.csproj", "{E0ABAB3E-4E95-47B0-8A11-ABA96E769BA1}"
EndProject
Global
	GlobalSection(SolutionConfigurationPlatforms) = preSolution
		Debug|Any CPU = Debug|Any CPU
		Release|Any CPU = Release|Any CPU
	EndGlobalSection
	GlobalSection(ProjectConfigurationPlatforms) = postSolution
		{719870DC-084E-4DE5-9B04-71E3158BD62F}.Debug|Any CPU.ActiveCfg = Debug|Any CPU
		{719870DC-084E-4DE5-9B04-71E3158BD62F}.Debug|Any CPU.Build.0 = Debug|Any CPU
		{719870DC-084E-4DE5-9B04-71E3158BD62F}.Release|Any CPU.ActiveCfg = Release|Any CPU
		{719870DC-084E-4DE5-9B04-71E3158BD62F}.Release|Any CPU.Build.0 = Release|Any CPU
		{01408960-0C71-4EAD-BCBE-F056266FB3A0}.Debug|Any CPU.ActiveCfg = Debug|Any CPU
		{01408960-0C71-4EAD-BCBE-F056266FB3A0}.Debug|Any CPU.Build.0 = Debug|Any CPU
		{01408960-0C71-4EAD-BCBE-F056266FB3A0}.Release|Any CPU.ActiveCfg = Release|Any CPU
		{01408960-0C71-4EAD-BCBE-F056266FB3A0}.Release|Any CPU.Build.0 = Release|Any CPU
		{46019D79-0EF5-416A-BE05-CA27D62405FF}.Debug|Any CPU.ActiveCfg = Debug|Any CPU
		{46019D79-0EF5-416A-BE05-CA27D62405FF}.Debug|Any CPU.Build.0 = Debug|Any CPU
		{46019D79-0EF5-416A-BE05-CA27D62405FF}.Release|Any CPU.ActiveCfg = Release|Any CPU
		{46019D79-0EF5-416A-BE05-CA27D62405FF}.Release|Any CPU.Build.0 = Release|Any CPU
		{CA74080B-1D8C-4600-AB6B-F08C6484E17B}.Debug|Any CPU.ActiveCfg = Debug|Any CPU
		{CA74080B-1D8C-4600-AB6B-F08C6484E17B}.Debug|Any CPU.Build.0 = Debug|Any CPU
		{CA74080B-1D8C-4600-AB6B-F08C6484E17B}.Release|Any CPU.ActiveCfg = Release|Any CPU
		{CA74080B-1D8C-4600-AB6B-F08C6484E17B}.Release|Any CPU.Build.0 = Release|Any CPU
		{6697C4CB-0D54-4883-8230-8DDE4DDC84CE}.Debug|Any CPU.ActiveCfg = Debug|Any CPU
		{6697C4CB-0D54-4883-8230-8DDE4DDC84CE}.Debug|Any CPU.Build.0 = Debug|Any CPU
		{6697C4CB-0D54-4883-8230-8DDE4DDC84CE}.Release|Any CPU.ActiveCfg = Release|Any CPU
		{6697C4CB-0D54-4883-8230-8DDE4DDC84CE}.Release|Any CPU.Build.0 = Release|Any CPU
		{3AFF9464-B8E0-4849-81DD-F1E36918FC36}.Debug|Any CPU.ActiveCfg = Debug|Any CPU
		{3AFF9464-B8E0-4849-81DD-F1E36918FC36}.Debug|Any CPU.Build.0 = Debug|Any CPU
		{3AFF9464-B8E0-4849-81DD-F1E36918FC36}.Release|Any CPU.ActiveCfg = Release|Any CPU
		{3AFF9464-B8E0-4849-81DD-F1E36918FC36}.Release|Any CPU.Build.0 = Release|Any CPU
		{7CD86F15-C01A-4FCD-B4E8-728AD1928D10}.Debug|Any CPU.ActiveCfg = Debug|Any CPU
		{7CD86F15-C01A-4FCD-B4E8-728AD1928D10}.Debug|Any CPU.Build.0 = Debug|Any CPU
		{7CD86F15-C01A-4FCD-B4E8-728AD1928D10}.Release|Any CPU.ActiveCfg = Release|Any CPU
		{7CD86F15-C01A-4FCD-B4E8-728AD1928D10}.Release|Any CPU.Build.0 = Release|Any CPU
		{B71A8AA9-C034-405F-9928-E1C1983219C0}.Debug|Any CPU.ActiveCfg = Debug|Any CPU
		{B71A8AA9-C034-405F-9928-E1C1983219C0}.Debug|Any CPU.Build.0 = Debug|Any CPU
		{B71A8AA9-C034-405F-9928-E1C1983219C0}.Release|Any CPU.ActiveCfg = Release|Any CPU
		{B71A8AA9-C034-405F-9928-E1C1983219C0}.Release|Any CPU.Build.0 = Release|Any CPU
		{65CEFB40-90BA-4A47-98F5-F50DA4718946}.Debug|Any CPU.ActiveCfg = Debug|Any CPU
		{65CEFB40-90BA-4A47-98F5-F50DA4718946}.Debug|Any CPU.Build.0 = Debug|Any CPU
		{65CEFB40-90BA-4A47-98F5-F50DA4718946}.Release|Any CPU.ActiveCfg = Release|Any CPU
		{65CEFB40-90BA-4A47-98F5-F50DA4718946}.Release|Any CPU.Build.0 = Release|Any CPU
		{6A280EB9-7172-4639-8D9C-0E6DA91E6555}.Debug|Any CPU.ActiveCfg = Debug|Any CPU
		{6A280EB9-7172-4639-8D9C-0E6DA91E6555}.Debug|Any CPU.Build.0 = Debug|Any CPU
		{6A280EB9-7172-4639-8D9C-0E6DA91E6555}.Release|Any CPU.ActiveCfg = Release|Any CPU
		{6A280EB9-7172-4639-8D9C-0E6DA91E6555}.Release|Any CPU.Build.0 = Release|Any CPU
		{E0ABAB3E-4E95-47B0-8A11-ABA96E769BA1}.Debug|Any CPU.ActiveCfg = Debug|Any CPU
		{E0ABAB3E-4E95-47B0-8A11-ABA96E769BA1}.Debug|Any CPU.Build.0 = Debug|Any CPU
		{E0ABAB3E-4E95-47B0-8A11-ABA96E769BA1}.Release|Any CPU.ActiveCfg = Release|Any CPU
		{E0ABAB3E-4E95-47B0-8A11-ABA96E769BA1}.Release|Any CPU.Build.0 = Release|Any CPU
	EndGlobalSection
	GlobalSection(SolutionProperties) = preSolution
		HideSolutionNode = FALSE
	EndGlobalSection
	GlobalSection(NestedProjects) = preSolution
		{6A56547A-CDDB-4BA4-A2AE-C89FC3567698} = {10E000EC-B776-411B-93E0-6669C1C22912}
		{4D8B5CB5-10B0-4D7E-8171-1BD53400C3A8} = {10E000EC-B776-411B-93E0-6669C1C22912}
		{719870DC-084E-4DE5-9B04-71E3158BD62F} = {4D8B5CB5-10B0-4D7E-8171-1BD53400C3A8}
		{01408960-0C71-4EAD-BCBE-F056266FB3A0} = {4D8B5CB5-10B0-4D7E-8171-1BD53400C3A8}
		{46019D79-0EF5-416A-BE05-CA27D62405FF} = {4D8B5CB5-10B0-4D7E-8171-1BD53400C3A8}
		{CA74080B-1D8C-4600-AB6B-F08C6484E17B} = {4D8B5CB5-10B0-4D7E-8171-1BD53400C3A8}
		{6697C4CB-0D54-4883-8230-8DDE4DDC84CE} = {4D8B5CB5-10B0-4D7E-8171-1BD53400C3A8}
		{3AFF9464-B8E0-4849-81DD-F1E36918FC36} = {6A56547A-CDDB-4BA4-A2AE-C89FC3567698}
		{7CD86F15-C01A-4FCD-B4E8-728AD1928D10} = {6A56547A-CDDB-4BA4-A2AE-C89FC3567698}
		{B71A8AA9-C034-405F-9928-E1C1983219C0} = {6A56547A-CDDB-4BA4-A2AE-C89FC3567698}
		{65CEFB40-90BA-4A47-98F5-F50DA4718946} = {6A56547A-CDDB-4BA4-A2AE-C89FC3567698}
		{6A280EB9-7172-4639-8D9C-0E6DA91E6555} = {6A56547A-CDDB-4BA4-A2AE-C89FC3567698}
		{E0ABAB3E-4E95-47B0-8A11-ABA96E769BA1} = {6A56547A-CDDB-4BA4-A2AE-C89FC3567698}
	EndGlobalSection
	GlobalSection(ExtensibilityGlobals) = postSolution
		SolutionGuid = {F318D2C4-3EE3-4A95-8FFD-D65E4141CDD2}
	EndGlobalSection
EndGlobal
